
Microsoft Visual Studio Solution File, Format Version 12.00
# Visual Studio Version 17
VisualStudioVersion = 17.9.34728.123
MinimumVisualStudioVersion = 10.0.40219.1
Project("{FAE04EC0-301F-11D3-BF4B-00C04F79EFBC}") = "MvcOnlineTicariOtomasyon", "MvcOnlineTicariOtomasyon\MvcOnlineTicariOtomasyon.csproj", "{307100FC-2258-40B7-A571-F485C51C7F3B}"
EndProject
Global
	GlobalSection(SolutionConfigurationPlatforms) = preSolution
		Debug|Any CPU = Debug|Any CPU
		Release|Any CPU = Release|Any CPU
	EndGlobalSection
	GlobalSection(ProjectConfigurationPlatforms) = postSolution
		{307100FC-2258-40B7-A571-F485C51C7F3B}.Debug|Any CPU.ActiveCfg = Debug|Any CPU
		{307100FC-2258-40B7-A571-F485C51C7F3B}.Debug|Any CPU.Build.0 = Debug|Any CPU
		{307100FC-2258-40B7-A571-F485C51C7F3B}.Release|Any CPU.ActiveCfg = Release|Any CPU
		{307100FC-2258-40B7-A571-F485C51C7F3B}.Release|Any CPU.Build.0 = Release|Any CPU
	EndGlobalSection
	GlobalSection(SolutionProperties) = preSolution
		HideSolutionNode = FALSE
	EndGlobalSection
	GlobalSection(ExtensibilityGlobals) = postSolution
		SolutionGuid = {233288A6-6DD9-44D8-9A4E-EACB1BC886CE}
	EndGlobalSection
EndGlobal
